// !$*UTF8*$!
{
	archiveVersion = 1;
	classes = {
	};
	objectVersion = 50;
	objects = {

/* Begin PBXBuildFile section */
		9EDB56F0252D50FC00EB68F5 /* TimeZonesApp.swift in Sources */ = {isa = PBXBuildFile; fileRef = 9EDB56EF252D50FC00EB68F5 /* TimeZonesApp.swift */; };
		9EDB56F2252D50FC00EB68F5 /* ContentView.swift in Sources */ = {isa = PBXBuildFile; fileRef = 9EDB56F1252D50FC00EB68F5 /* ContentView.swift */; };
		9EDB56F4252D50FF00EB68F5 /* Assets.xcassets in Resources */ = {isa = PBXBuildFile; fileRef = 9EDB56F3252D50FF00EB68F5 /* Assets.xcassets */; };
		9EDB56F7252D50FF00EB68F5 /* Preview Assets.xcassets in Resources */ = {isa = PBXBuildFile; fileRef = 9EDB56F6252D50FF00EB68F5 /* Preview Assets.xcassets */; };
		9EDB5700252D511500EB68F5 /* Clock.swift in Sources */ = {isa = PBXBuildFile; fileRef = 9EDB56FF252D511500EB68F5 /* Clock.swift */; };
		9EDB5706252D515100EB68F5 /* Card.swift in Sources */ = {isa = PBXBuildFile; fileRef = 9EDB5705252D515100EB68F5 /* Card.swift */; };
		9EDB570A252D516D00EB68F5 /* Time.swift in Sources */ = {isa = PBXBuildFile; fileRef = 9EDB5709252D516D00EB68F5 /* Time.swift */; };
		9EDB570D252D51A300EB68F5 /* Zone.swift in Sources */ = {isa = PBXBuildFile; fileRef = 9EDB570C252D51A300EB68F5 /* Zone.swift */; };
		9EDB5712252D53AD00EB68F5 /* Utils.swift in Sources */ = {isa = PBXBuildFile; fileRef = 9EDB5711252D53AD00EB68F5 /* Utils.swift */; };
/* End PBXBuildFile section */

/* Begin PBXFileReference section */
		9EDB56EC252D50FC00EB68F5 /* TimeZones.app */ = {isa = PBXFileReference; explicitFileType = wrapper.application; includeInIndex = 0; path = TimeZones.app; sourceTree = BUILT_PRODUCTS_DIR; };
		9EDB56EF252D50FC00EB68F5 /* TimeZonesApp.swift */ = {isa = PBXFileReference; lastKnownFileType = sourcecode.swift; path = TimeZonesApp.swift; sourceTree = "<group>"; };
		9EDB56F1252D50FC00EB68F5 /* ContentView.swift */ = {isa = PBXFileReference; lastKnownFileType = sourcecode.swift; path = ContentView.swift; sourceTree = "<group>"; };
		9EDB56F3252D50FF00EB68F5 /* Assets.xcassets */ = {isa = PBXFileReference; lastKnownFileType = folder.assetcatalog; path = Assets.xcassets; sourceTree = "<group>"; };
		9EDB56F6252D50FF00EB68F5 /* Preview Assets.xcassets */ = {isa = PBXFileReference; lastKnownFileType = folder.assetcatalog; path = "Preview Assets.xcassets"; sourceTree = "<group>"; };
		9EDB56F8252D50FF00EB68F5 /* Info.plist */ = {isa = PBXFileReference; lastKnownFileType = text.plist.xml; path = Info.plist; sourceTree = "<group>"; };
		9EDB56FF252D511500EB68F5 /* Clock.swift */ = {isa = PBXFileReference; lastKnownFileType = sourcecode.swift; path = Clock.swift; sourceTree = "<group>"; };
		9EDB5705252D515100EB68F5 /* Card.swift */ = {isa = PBXFileReference; lastKnownFileType = sourcecode.swift; path = Card.swift; sourceTree = "<group>"; };
		9EDB5709252D516D00EB68F5 /* Time.swift */ = {isa = PBXFileReference; lastKnownFileType = sourcecode.swift; path = Time.swift; sourceTree = "<group>"; };
		9EDB570C252D51A300EB68F5 /* Zone.swift */ = {isa = PBXFileReference; lastKnownFileType = sourcecode.swift; path = Zone.swift; sourceTree = "<group>"; };
		9EDB5711252D53AD00EB68F5 /* Utils.swift */ = {isa = PBXFileReference; fileEncoding = 4; lastKnownFileType = sourcecode.swift; path = Utils.swift; sourceTree = "<group>"; };
/* End PBXFileReference section */

/* Begin PBXFrameworksBuildPhase section */
		9EDB56E9252D50FC00EB68F5 /* Frameworks */ = {
			isa = PBXFrameworksBuildPhase;
			buildActionMask = 2147483647;
			files = (
			);
			runOnlyForDeploymentPostprocessing = 0;
		};
/* End PBXFrameworksBuildPhase section */

/* Begin PBXGroup section */
		9EDB56E3252D50FC00EB68F5 = {
			isa = PBXGroup;
			children = (
				9EDB56EE252D50FC00EB68F5 /* TimeZones */,
				9EDB56ED252D50FC00EB68F5 /* Products */,
			);
			sourceTree = "<group>";
		};
		9EDB56ED252D50FC00EB68F5 /* Products */ = {
			isa = PBXGroup;
			children = (
				9EDB56EC252D50FC00EB68F5 /* TimeZones.app */,
			);
			name = Products;
			sourceTree = "<group>";
		};
		9EDB56EE252D50FC00EB68F5 /* TimeZones */ = {
			isa = PBXGroup;
			children = (
				9EDB5711252D53AD00EB68F5 /* Utils.swift */,
				9EDB5704252D512D00EB68F5 /* ModelView */,
				9EDB5703252D512100EB68F5 /* View */,
				9EDB5702252D511A00EB68F5 /* Model */,
				9EDB56EF252D50FC00EB68F5 /* TimeZonesApp.swift */,
				9EDB56F1252D50FC00EB68F5 /* ContentView.swift */,
				9EDB56F3252D50FF00EB68F5 /* Assets.xcassets */,
				9EDB56F8252D50FF00EB68F5 /* Info.plist */,
				9EDB56F5252D50FF00EB68F5 /* Preview Content */,
			);
			path = TimeZones;
			sourceTree = "<group>";
		};
		9EDB56F5252D50FF00EB68F5 /* Preview Content */ = {
			isa = PBXGroup;
			children = (
				9EDB56F6252D50FF00EB68F5 /* Preview Assets.xcassets */,
			);
			path = "Preview Content";
			sourceTree = "<group>";
		};
		9EDB5702252D511A00EB68F5 /* Model */ = {
			isa = PBXGroup;
			children = (
				9EDB5709252D516D00EB68F5 /* Time.swift */,
				9EDB570C252D51A300EB68F5 /* Zone.swift */,
			);
			path = Model;
			sourceTree = "<group>";
		};
		9EDB5703252D512100EB68F5 /* View */ = {
			isa = PBXGroup;
			children = (
				9EDB56FF252D511500EB68F5 /* Clock.swift */,
			);
			path = View;
			sourceTree = "<group>";
		};
		9EDB5704252D512D00EB68F5 /* ModelView */ = {
			isa = PBXGroup;
			children = (
				9EDB5705252D515100EB68F5 /* Card.swift */,
			);
			path = ModelView;
			sourceTree = "<group>";
		};
/* End PBXGroup section */

/* Begin PBXNativeTarget section */
		9EDB56EB252D50FC00EB68F5 /* TimeZones */ = {
			isa = PBXNativeTarget;
			buildConfigurationList = 9EDB56FB252D50FF00EB68F5 /* Build configuration list for PBXNativeTarget "TimeZones" */;
			buildPhases = (
				9EDB56E8252D50FC00EB68F5 /* Sources */,
				9EDB56E9252D50FC00EB68F5 /* Frameworks */,
				9EDB56EA252D50FC00EB68F5 /* Resources */,
			);
			buildRules = (
			);
			dependencies = (
			);
			name = TimeZones;
			productName = TimeZones;
			productReference = 9EDB56EC252D50FC00EB68F5 /* TimeZones.app */;
			productType = "com.apple.product-type.application";
		};
/* End PBXNativeTarget section */

/* Begin PBXProject section */
		9EDB56E4252D50FC00EB68F5 /* Project object */ = {
			isa = PBXProject;
			attributes = {
				LastSwiftUpdateCheck = 1200;
				LastUpgradeCheck = 1200;
				TargetAttributes = {
					9EDB56EB252D50FC00EB68F5 = {
						CreatedOnToolsVersion = 12.0.1;
					};
				};
			};
			buildConfigurationList = 9EDB56E7252D50FC00EB68F5 /* Build configuration list for PBXProject "TimeZones" */;
			compatibilityVersion = "Xcode 9.3";
			developmentRegion = en;
			hasScannedForEncodings = 0;
			knownRegions = (
				en,
				Base,
			);
			mainGroup = 9EDB56E3252D50FC00EB68F5;
			productRefGroup = 9EDB56ED252D50FC00EB68F5 /* Products */;
			projectDirPath = "";
			projectRoot = "";
			targets = (
				9EDB56EB252D50FC00EB68F5 /* TimeZones */,
			);
		};
/* End PBXProject section */

/* Begin PBXResourcesBuildPhase section */
		9EDB56EA252D50FC00EB68F5 /* Resources */ = {
			isa = PBXResourcesBuildPhase;
			buildActionMask = 2147483647;
			files = (
				9EDB56F7252D50FF00EB68F5 /* Preview Assets.xcassets in Resources */,
				9EDB56F4252D50FF00EB68F5 /* Assets.xcassets in Resources */,
			);
			runOnlyForDeploymentPostprocessing = 0;
		};
/* End PBXResourcesBuildPhase section */

/* Begin PBXSourcesBuildPhase section */
		9EDB56E8252D50FC00EB68F5 /* Sources */ = {
			isa = PBXSourcesBuildPhase;
			buildActionMask = 2147483647;
			files = (
				9EDB5700252D511500EB68F5 /* Clock.swift in Sources */,
				9EDB56F2252D50FC00EB68F5 /* ContentView.swift in Sources */,
				9EDB570A252D516D00EB68F5 /* Time.swift in Sources */,
				9EDB5712252D53AD00EB68F5 /* Utils.swift in Sources */,
				9EDB570D252D51A300EB68F5 /* Zone.swift in Sources */,
				9EDB56F0252D50FC00EB68F5 /* TimeZonesApp.swift in Sources */,
				9EDB5706252D515100EB68F5 /* Card.swift in Sources */,
			);
			runOnlyForDeploymentPostprocessing = 0;
		};
/* End PBXSourcesBuildPhase section */

/* Begin XCBuildConfiguration section */
		9EDB56F9252D50FF00EB68F5 /* Debug */ = {
			isa = XCBuildConfiguration;
			buildSettings = {
				ALWAYS_SEARCH_USER_PATHS = NO;
				CLANG_ANALYZER_NONNULL = YES;
				CLANG_ANALYZER_NUMBER_OBJECT_CONVERSION = YES_AGGRESSIVE;
				CLANG_CXX_LANGUAGE_STANDARD = "gnu++14";
				CLANG_CXX_LIBRARY = "libc++";
				CLANG_ENABLE_MODULES = YES;
				CLANG_ENABLE_OBJC_ARC = YES;
				CLANG_ENABLE_OBJC_WEAK = YES;
				CLANG_WARN_BLOCK_CAPTURE_AUTORELEASING = YES;
				CLANG_WARN_BOOL_CONVERSION = YES;
				CLANG_WARN_COMMA = YES;
				CLANG_WARN_CONSTANT_CONVERSION = YES;
				CLANG_WARN_DEPRECATED_OBJC_IMPLEMENTATIONS = YES;
				CLANG_WARN_DIRECT_OBJC_ISA_USAGE = YES_ERROR;
				CLANG_WARN_DOCUMENTATION_COMMENTS = YES;
				CLANG_WARN_EMPTY_BODY = YES;
				CLANG_WARN_ENUM_CONVERSION = YES;
				CLANG_WARN_INFINITE_RECURSION = YES;
				CLANG_WARN_INT_CONVERSION = YES;
				CLANG_WARN_NON_LITERAL_NULL_CONVERSION = YES;
				CLANG_WARN_OBJC_IMPLICIT_RETAIN_SELF = YES;
				CLANG_WARN_OBJC_LITERAL_CONVERSION = YES;
				CLANG_WARN_OBJC_ROOT_CLASS = YES_ERROR;
				CLANG_WARN_QUOTED_INCLUDE_IN_FRAMEWORK_HEADER = YES;
				CLANG_WARN_RANGE_LOOP_ANALYSIS = YES;
				CLANG_WARN_STRICT_PROTOTYPES = YES;
				CLANG_WARN_SUSPICIOUS_MOVE = YES;
				CLANG_WARN_UNGUARDED_AVAILABILITY = YES_AGGRESSIVE;
				CLANG_WARN_UNREACHABLE_CODE = YES;
				CLANG_WARN__DUPLICATE_METHOD_MATCH = YES;
				COPY_PHASE_STRIP = NO;
				DEBUG_INFORMATION_FORMAT = dwarf;
				ENABLE_STRICT_OBJC_MSGSEND = YES;
				ENABLE_TESTABILITY = YES;
				GCC_C_LANGUAGE_STANDARD = gnu11;
				GCC_DYNAMIC_NO_PIC = NO;
				GCC_NO_COMMON_BLOCKS = YES;
				GCC_OPTIMIZATION_LEVEL = 0;
				GCC_PREPROCESSOR_DEFINITIONS = (
					"DEBUG=1",
					"$(inherited)",
				);
				GCC_WARN_64_TO_32_BIT_CONVERSION = YES;
				GCC_WARN_ABOUT_RETURN_TYPE = YES_ERROR;
				GCC_WARN_UNDECLARED_SELECTOR = YES;
				GCC_WARN_UNINITIALIZED_AUTOS = YES_AGGRESSIVE;
				GCC_WARN_UNUSED_FUNCTION = YES;
				GCC_WARN_UNUSED_VARIABLE = YES;
				IPHONEOS_DEPLOYMENT_TARGET = 14.0;
				MTL_ENABLE_DEBUG_INFO = INCLUDE_SOURCE;
				MTL_FAST_MATH = YES;
				ONLY_ACTIVE_ARCH = YES;
				SDKROOT = iphoneos;
				SWIFT_ACTIVE_COMPILATION_CONDITIONS = DEBUG;
				SWIFT_OPTIMIZATION_LEVEL = "-Onone";
			};
			name = Debug;
		};
		9EDB56FA252D50FF00EB68F5 /* Release */ = {
			isa = XCBuildConfiguration;
			buildSettings = {
				ALWAYS_SEARCH_USER_PATHS = NO;
				CLANG_ANALYZER_NONNULL = YES;
				CLANG_ANALYZER_NUMBER_OBJECT_CONVERSION = YES_AGGRESSIVE;
				CLANG_CXX_LANGUAGE_STANDARD = "gnu++14";
				CLANG_CXX_LIBRARY = "libc++";
				CLANG_ENABLE_MODULES = YES;
				CLANG_ENABLE_OBJC_ARC = YES;
				CLANG_ENABLE_OBJC_WEAK = YES;
				CLANG_WARN_BLOCK_CAPTURE_AUTORELEASING = YES;
				CLANG_WARN_BOOL_CONVERSION = YES;
				CLANG_WARN_COMMA = YES;
				CLANG_WARN_CONSTANT_CONVERSION = YES;
				CLANG_WARN_DEPRECATED_OBJC_IMPLEMENTATIONS = YES;
				CLANG_WARN_DIRECT_OBJC_ISA_USAGE = YES_ERROR;
				CLANG_WARN_DOCUMENTATION_COMMENTS = YES;
				CLANG_WARN_EMPTY_BODY = YES;
				CLANG_WARN_ENUM_CONVERSION = YES;
				CLANG_WARN_INFINITE_RECURSION = YES;
				CLANG_WARN_INT_CONVERSION = YES;
				CLANG_WARN_NON_LITERAL_NULL_CONVERSION = YES;
				CLANG_WARN_OBJC_IMPLICIT_RETAIN_SELF = YES;
				CLANG_WARN_OBJC_LITERAL_CONVERSION = YES;
				CLANG_WARN_OBJC_ROOT_CLASS = YES_ERROR;
				CLANG_WARN_QUOTED_INCLUDE_IN_FRAMEWORK_HEADER = YES;
				CLANG_WARN_RANGE_LOOP_ANALYSIS = YES;
				CLANG_WARN_STRICT_PROTOTYPES = YES;
				CLANG_WARN_SUSPICIOUS_MOVE = YES;
				CLANG_WARN_UNGUARDED_AVAILABILITY = YES_AGGRESSIVE;
				CLANG_WARN_UNREACHABLE_CODE = YES;
				CLANG_WARN__DUPLICATE_METHOD_MATCH = YES;
				COPY_PHASE_STRIP = NO;
				DEBUG_INFORMATION_FORMAT = "dwarf-with-dsym";
				ENABLE_NS_ASSERTIONS = NO;
				ENABLE_STRICT_OBJC_MSGSEND = YES;
				GCC_C_LANGUAGE_STANDARD = gnu11;
				GCC_NO_COMMON_BLOCKS = YES;
				GCC_WARN_64_TO_32_BIT_CONVERSION = YES;
				GCC_WARN_ABOUT_RETURN_TYPE = YES_ERROR;
				GCC_WARN_UNDECLARED_SELECTOR = YES;
				GCC_WARN_UNINITIALIZED_AUTOS = YES_AGGRESSIVE;
				GCC_WARN_UNUSED_FUNCTION = YES;
				GCC_WARN_UNUSED_VARIABLE = YES;
				IPHONEOS_DEPLOYMENT_TARGET = 14.0;
				MTL_ENABLE_DEBUG_INFO = NO;
				MTL_FAST_MATH = YES;
				SDKROOT = iphoneos;
				SWIFT_COMPILATION_MODE = wholemodule;
				SWIFT_OPTIMIZATION_LEVEL = "-O";
				VALIDATE_PRODUCT = YES;
			};
			name = Release;
		};
		9EDB56FC252D50FF00EB68F5 /* Debug */ = {
			isa = XCBuildConfiguration;
			buildSettings = {
				ASSETCATALOG_COMPILER_APPICON_NAME = AppIcon;
				ASSETCATALOG_COMPILER_GLOBAL_ACCENT_COLOR_NAME = AccentColor;
				CODE_SIGN_STYLE = Automatic;
				DEVELOPMENT_ASSET_PATHS = "\"TimeZones/Preview Content\"";
				ENABLE_PREVIEWS = YES;
				INFOPLIST_FILE = TimeZones/Info.plist;
				IPHONEOS_DEPLOYMENT_TARGET = 14.0;
				LD_RUNPATH_SEARCH_PATHS = (
					"$(inherited)",
					"@executable_path/Frameworks",
				);
				PRODUCT_BUNDLE_IDENTIFIER = MaximMacari.TimeZones;
				PRODUCT_NAME = "$(TARGET_NAME)";
				SWIFT_VERSION = 5.0;
				TARGETED_DEVICE_FAMILY = "1,2";
			};
			name = Debug;
		};
		9EDB56FD252D50FF00EB68F5 /* Release */ = {
			isa = XCBuildConfiguration;
			buildSettings = {
				ASSETCATALOG_COMPILER_APPICON_NAME = AppIcon;
				ASSETCATALOG_COMPILER_GLOBAL_ACCENT_COLOR_NAME = AccentColor;
				CODE_SIGN_STYLE = Automatic;
				DEVELOPMENT_ASSET_PATHS = "\"TimeZones/Preview Content\"";
				ENABLE_PREVIEWS = YES;
				INFOPLIST_FILE = TimeZones/Info.plist;
				IPHONEOS_DEPLOYMENT_TARGET = 14.0;
				LD_RUNPATH_SEARCH_PATHS = (
					"$(inherited)",
					"@executable_path/Frameworks",
				);
				PRODUCT_BUNDLE_IDENTIFIER = MaximMacari.TimeZones;
				PRODUCT_NAME = "$(TARGET_NAME)";
				SWIFT_VERSION = 5.0;
				TARGETED_DEVICE_FAMILY = "1,2";
			};
			name = Release;
		};
/* End XCBuildConfiguration section */

/* Begin XCConfigurationList section */
		9EDB56E7252D50FC00EB68F5 /* Build configuration list for PBXProject "TimeZones" */ = {
			isa = XCConfigurationList;
			buildConfigurations = (
				9EDB56F9252D50FF00EB68F5 /* Debug */,
				9EDB56FA252D50FF00EB68F5 /* Release */,
			);
			defaultConfigurationIsVisible = 0;
			defaultConfigurationName = Release;
		};
		9EDB56FB252D50FF00EB68F5 /* Build configuration list for PBXNativeTarget "TimeZones" */ = {
			isa = XCConfigurationList;
			buildConfigurations = (
				9EDB56FC252D50FF00EB68F5 /* Debug */,
				9EDB56FD252D50FF00EB68F5 /* Release */,
			);
			defaultConfigurationIsVisible = 0;
			defaultConfigurationName = Release;
		};
/* End XCConfigurationList section */
	};
	rootObject = 9EDB56E4252D50FC00EB68F5 /* Project object */;
}
